
Microsoft Visual Studio Solution File, Format Version 12.00
Project("{FAE04EC0-301F-11D3-BF4B-00C04F79EFBC}") = "Ldv.Scrappy.Bll", "src\Ldv.Scrappy.Bll\Ldv.Scrappy.Bll.csproj", "{638201A6-9A96-4717-90A1-4E3C76031FCD}"
EndProject
Project("{FAE04EC0-301F-11D3-BF4B-00C04F79EFBC}") = "Ldv.Scrappy.Dal.Postgres", "src\Ldv.Scrappy.Dal.Postgres\Ldv.Scrappy.Dal.Postgres.csproj", "{168C372C-5B61-43BB-9B13-C2A175B57B80}"
EndProject
Project("{FAE04EC0-301F-11D3-BF4B-00C04F79EFBC}") = "Ldv.Scrappy.Downloader.ConsoleApp", "Ldv.Scrappy.Downloader.ConsoleApp\Ldv.Scrappy.Downloader.ConsoleApp.csproj", "{1F298C37-DD7A-4920-B17B-5A37370FBB5E}"
EndProject
Global
	GlobalSection(SolutionConfigurationPlatforms) = preSolution
		Debug|Any CPU = Debug|Any CPU
		Release|Any CPU = Release|Any CPU
	EndGlobalSection
	GlobalSection(ProjectConfigurationPlatforms) = postSolution
		{638201A6-9A96-4717-90A1-4E3C76031FCD}.Debug|Any CPU.ActiveCfg = Debug|Any CPU
		{638201A6-9A96-4717-90A1-4E3C76031FCD}.Debug|Any CPU.Build.0 = Debug|Any CPU
		{638201A6-9A96-4717-90A1-4E3C76031FCD}.Release|Any CPU.ActiveCfg = Release|Any CPU
		{638201A6-9A96-4717-90A1-4E3C76031FCD}.Release|Any CPU.Build.0 = Release|Any CPU
		{168C372C-5B61-43BB-9B13-C2A175B57B80}.Debug|Any CPU.ActiveCfg = Debug|Any CPU
		{168C372C-5B61-43BB-9B13-C2A175B57B80}.Debug|Any CPU.Build.0 = Debug|Any CPU
		{168C372C-5B61-43BB-9B13-C2A175B57B80}.Release|Any CPU.ActiveCfg = Release|Any CPU
		{168C372C-5B61-43BB-9B13-C2A175B57B80}.Release|Any CPU.Build.0 = Release|Any CPU
		{1F298C37-DD7A-4920-B17B-5A37370FBB5E}.Debug|Any CPU.ActiveCfg = Debug|Any CPU
		{1F298C37-DD7A-4920-B17B-5A37370FBB5E}.Debug|Any CPU.Build.0 = Debug|Any CPU
		{1F298C37-DD7A-4920-B17B-5A37370FBB5E}.Release|Any CPU.ActiveCfg = Release|Any CPU
		{1F298C37-DD7A-4920-B17B-5A37370FBB5E}.Release|Any CPU.Build.0 = Release|Any CPU
	EndGlobalSection
EndGlobal
